<?xml version="1.0" encoding="utf-8"?>
<Project ToolsVersion="4.0" xmlns="http://schemas.microsoft.com/developer/msbuild/2003">
  <ItemGroup>
    <Filter Include="Source Files">
      <UniqueIdentifier>{4FC737F1-C7A5-4376-A066-2A32D752A2FF}</UniqueIdentifier>
      <Extensions>cpp;c;cc;cxx;c++;cppm;ixx;def;odl;idl;hpj;bat;asm;asmx</Extensions>
    </Filter>
    <Filter Include="Header Files">
      <UniqueIdentifier>{93995380-89BD-4b04-88EB-625FBE52EBFB}</UniqueIdentifier>
      <Extensions>h;hh;hpp;hxx;h++;hm;inl;inc;ipp;xsd</Extensions>
    </Filter>
    <Filter Include="Resource Files">
      <UniqueIdentifier>{67DA6AB6-F800-4c08-8B7A-83BB121AAD01}</UniqueIdentifier>
      <Extensions>rc;ico;cur;bmp;dlg;rc2;rct;bin;rgs;gif;jpg;jpeg;jpe;resx;tiff;tif;png;wav;mfcribbon-ms</Extensions>
    </Filter>
    <Filter Include="Source Files\LinAlg">
      <UniqueIdentifier>{4854fde6-4b41-4d65-8ae4-f3424bcc3a78}</UniqueIdentifier>
    </Filter>
    <Filter Include="Header Files\LinAlg">
      <UniqueIdentifier>{a289ecce-7c93-4818-8175-c073c5d54b5d}</UniqueIdentifier>
    </Filter>
    <Filter Include="Source Files\Lights">
      <UniqueIdentifier>{2ae25bbc-7a0c-4a04-89d0-ed69ef97bad7}</UniqueIdentifier>
    </Filter>
    <Filter Include="Header Files\Lights">
      <UniqueIdentifier>{681caf4a-14ea-4df6-ad6c-c0f8a0ecd3e9}</UniqueIdentifier>
    </Filter>
    <Filter Include="Source Files\Materials">
      <UniqueIdentifier>{95571de7-3232-4ae5-9660-bdcbb09ed907}</UniqueIdentifier>
    </Filter>
    <Filter Include="Header Files\Materials">
      <UniqueIdentifier>{bf9d594f-1e36-4f59-b966-ff5f1cbd7924}</UniqueIdentifier>
    </Filter>
    <Filter Include="Source Files\Transforms">
      <UniqueIdentifier>{3441824d-9993-49fd-b1b0-701c3bfee7bf}</UniqueIdentifier>
    </Filter>
    <Filter Include="Header Files\Transforms">
      <UniqueIdentifier>{84eac495-b940-477f-927f-62216534d97e}</UniqueIdentifier>
    </Filter>
    <Filter Include="Header Files\Viewing">
      <UniqueIdentifier>{5996a61e-940b-498e-90ca-272af8dc5b93}</UniqueIdentifier>
    </Filter>
    <Filter Include="Source Files\Viewing">
      <UniqueIdentifier>{67e27e92-e26e-405b-aa67-1e96c10e2f1e}</UniqueIdentifier>
    </Filter>
    <Filter Include="Source Files\Textures">
      <UniqueIdentifier>{21611db1-23e0-4736-9042-a752959fa525}</UniqueIdentifier>
    </Filter>
    <Filter Include="Header Files\Textures">
      <UniqueIdentifier>{9c9d4e8e-4f22-4b06-a29b-be9929cfbf20}</UniqueIdentifier>
    </Filter>
    <Filter Include="Source Files\Objects">
      <UniqueIdentifier>{67a96ff6-0b8b-4761-a901-c765f910462f}</UniqueIdentifier>
    </Filter>
    <Filter Include="Header Files\Objects">
      <UniqueIdentifier>{dd8c3bc3-9958-49ee-998c-d835e93dc895}</UniqueIdentifier>
    </Filter>
    <Filter Include="Header Files\Ray Marching">
      <UniqueIdentifier>{757388af-c215-44a2-ae5e-d4a20547b763}</UniqueIdentifier>
    </Filter>
    <Filter Include="Source Files\Ray March">
      <UniqueIdentifier>{0fc7a3d7-1aa6-407b-a275-a9b893381f6e}</UniqueIdentifier>
    </Filter>
    <Filter Include="Header Files\Noise">
      <UniqueIdentifier>{9a40bd95-f357-4f75-aed0-5546ed5f3d8b}</UniqueIdentifier>
    </Filter>
    <Filter Include="Source Files\Noise">
      <UniqueIdentifier>{dc6acd03-6c80-4a64-aaaa-1002f26fa8e2}</UniqueIdentifier>
    </Filter>
    <Filter Include="Header Files\Normals">
      <UniqueIdentifier>{ee0174e6-67b0-46e8-9f1d-6de620ee8bd3}</UniqueIdentifier>
    </Filter>
    <Filter Include="Source Files\Normals">
      <UniqueIdentifier>{722168ed-a68b-4f96-8c30-11671bf471c0}</UniqueIdentifier>
    </Filter>
  </ItemGroup>
  <ItemGroup>
    <ClCompile Include="main.cpp">
      <Filter>Source Files</Filter>
    </ClCompile>
    <ClCompile Include="App.cpp">
      <Filter>Source Files</Filter>
    </ClCompile>
    <ClCompile Include="LightBase.cpp">
      <Filter>Source Files\Lights</Filter>
    </ClCompile>
    <ClCompile Include="PointLight.cpp">
      <Filter>Source Files\Lights</Filter>
    </ClCompile>
    <ClCompile Include="ObjectSphere.cpp">
      <Filter>Source Files\Objects</Filter>
    </ClCompile>
    <ClCompile Include="ObjectBase.cpp">
      <Filter>Source Files\Objects</Filter>
    </ClCompile>
    <ClCompile Include="ObjectPlane.cpp">
      <Filter>Source Files\Objects</Filter>
    </ClCompile>
    <ClCompile Include="Ray.cpp">
      <Filter>Source Files\Lights</Filter>
    </ClCompile>
    <ClCompile Include="MaterialBase.cpp">
      <Filter>Source Files\Materials</Filter>
    </ClCompile>
    <ClCompile Include="SimpleMaterial.cpp">
      <Filter>Source Files\Materials</Filter>
    </ClCompile>
    <ClCompile Include="GTFM.cpp">
      <Filter>Source Files\Transforms</Filter>
    </ClCompile>
    <ClCompile Include="Scene.cpp">
      <Filter>Source Files\Viewing</Filter>
    </ClCompile>
    <ClCompile Include="Image.cpp">
      <Filter>Source Files\Viewing</Filter>
    </ClCompile>
    <ClCompile Include="Camera.cpp">
      <Filter>Source Files\Viewing</Filter>
    </ClCompile>
    <ClCompile Include="Cylinder.cpp">
      <Filter>Source Files\Objects</Filter>
    </ClCompile>
    <ClCompile Include="Cone.cpp">
      <Filter>Source Files\Objects</Filter>
    </ClCompile>
    <ClCompile Include="Checker.cpp">
      <Filter>Source Files\Textures</Filter>
    </ClCompile>
    <ClCompile Include="Flat.cpp">
      <Filter>Source Files\Textures</Filter>
    </ClCompile>
    <ClCompile Include="TextureBase.cpp">
      <Filter>Source Files\Textures</Filter>
    </ClCompile>
    <ClCompile Include="TImage.cpp">
      <Filter>Source Files\Textures</Filter>
    </ClCompile>
    <ClCompile Include="SimpleRefractive.cpp">
      <Filter>Source Files\Materials</Filter>
    </ClCompile>
    <ClCompile Include="Box.cpp">
      <Filter>Source Files\Objects</Filter>
    </ClCompile>
    <ClCompile Include="Cube.hpp">
      <Filter>Header Files\Ray Marching</Filter>
    </ClCompile>
    <ClCompile Include="Sphere.hpp">
      <Filter>Header Files\Ray Marching</Filter>
    </ClCompile>
    <ClCompile Include="Cube.cpp">
      <Filter>Source Files\Ray March</Filter>
    </ClCompile>
    <ClCompile Include="RayMarchBase.cpp">
      <Filter>Source Files\Ray March</Filter>
    </ClCompile>
    <ClCompile Include="Sphere.cpp">
      <Filter>Source Files\Ray March</Filter>
    </ClCompile>
    <ClCompile Include="Torus.cpp">
      <Filter>Source Files\Ray March</Filter>
    </ClCompile>
    <ClCompile Include="SDF.cpp">
      <Filter>Source Files\Ray March</Filter>
    </ClCompile>
    <ClCompile Include="ColorMap.cpp">
      <Filter>Source Files\Textures</Filter>
    </ClCompile>
    <ClCompile Include="Gradient.cpp">
      <Filter>Source Files\Textures</Filter>
    </ClCompile>
    <ClCompile Include="ValueNoiseGenerator.hpp">
      <Filter>Header Files\Noise</Filter>
    </ClCompile>
    <ClCompile Include="NoiseBase.cpp">
      <Filter>Source Files\Noise</Filter>
    </ClCompile>
    <ClCompile Include="ValueNoiseGenerator.cpp">
      <Filter>Source Files\Noise</Filter>
    </ClCompile>
    <ClCompile Include="BasicValueNoise.cpp">
      <Filter>Source Files\Textures</Filter>
    </ClCompile>
    <ClCompile Include="BasicNoise.cpp">
      <Filter>Source Files\Textures</Filter>
    </ClCompile>
    <ClCompile Include="GradidentNoiseGenerator.cpp">
      <Filter>Source Files\Noise</Filter>
    </ClCompile>
    <ClCompile Include="Marble.cpp">
      <Filter>Source Files\Textures</Filter>
    </ClCompile>
    <ClCompile Include="NormalBase.cpp">
      <Filter>Source Files\Normals</Filter>
    </ClCompile>
    <ClCompile Include="Constants.cpp">
      <Filter>Source Files\Normals</Filter>
    </ClCompile>
    <ClCompile Include="SimpleRough.cpp">
      <Filter>Source Files\Normals</Filter>
    </ClCompile>
  </ItemGroup>
  <ItemGroup>
    <ClInclude Include="App.h">
      <Filter>Header Files</Filter>
    </ClInclude>
    <ClInclude Include="qbLinAlg\qbVector.h">
      <Filter>Header Files\LinAlg</Filter>
    </ClInclude>
    <ClInclude Include="qbLinAlg\qbMatrix.h">
      <Filter>Header Files\LinAlg</Filter>
    </ClInclude>
    <ClInclude Include="PointLight.hpp">
      <Filter>Header Files\Lights</Filter>
    </ClInclude>
    <ClInclude Include="LightBase.hpp">
      <Filter>Header Files\Lights</Filter>
    </ClInclude>
    <ClInclude Include="ObjectSphere.hpp">
      <Filter>Header Files\Objects</Filter>
    </ClInclude>
    <ClInclude Include="ObjectPlane.hpp">
      <Filter>Header Files\Objects</Filter>
    </ClInclude>
    <ClInclude Include="ObjectBase.hpp">
      <Filter>Header Files\Objects</Filter>
    </ClInclude>
    <ClInclude Include="Ray.hpp">
      <Filter>Header Files\Lights</Filter>
    </ClInclude>
    <ClInclude Include="MaterialBase.hpp">
      <Filter>Header Files\Materials</Filter>
    </ClInclude>
    <ClInclude Include="GTFM.hpp">
      <Filter>Header Files\Transforms</Filter>
    </ClInclude>
    <ClInclude Include="Image.hpp">
      <Filter>Header Files\Viewing</Filter>
    </ClInclude>
    <ClInclude Include="Scene.hpp">
      <Filter>Header Files\Viewing</Filter>
    </ClInclude>
    <ClInclude Include="Camera.hpp">
      <Filter>Header Files\Viewing</Filter>
    </ClInclude>
    <ClInclude Include="Cone.hpp">
      <Filter>Header Files\Objects</Filter>
    </ClInclude>
    <ClInclude Include="Cylinder.hpp">
      <Filter>Header Files\Objects</Filter>
    </ClInclude>
    <ClInclude Include="Checker.hpp">
      <Filter>Header Files\Textures</Filter>
    </ClInclude>
    <ClInclude Include="Flat.hpp">
      <Filter>Header Files\Textures</Filter>
    </ClInclude>
    <ClInclude Include="TextureBase.hpp">
      <Filter>Header Files\Textures</Filter>
    </ClInclude>
    <ClInclude Include="TImage.hpp">
      <Filter>Header Files\Textures</Filter>
    </ClInclude>
    <ClInclude Include="SimpleRefractive.hpp">
      <Filter>Header Files\Materials</Filter>
    </ClInclude>
    <ClInclude Include="Box.hpp">
      <Filter>Header Files\Objects</Filter>
    </ClInclude>
    <ClInclude Include="RayMarchBase.hpp">
      <Filter>Header Files\Ray Marching</Filter>
    </ClInclude>
    <ClInclude Include="Torus.hpp">
      <Filter>Header Files\Ray Marching</Filter>
    </ClInclude>
    <ClInclude Include="SDF.hpp">
      <Filter>Header Files\Ray Marching</Filter>
    </ClInclude>
    <ClInclude Include="ColorMap.hpp">
      <Filter>Header Files\Textures</Filter>
    </ClInclude>
    <ClInclude Include="Gradient.hpp">
      <Filter>Header Files\Textures</Filter>
    </ClInclude>
    <ClInclude Include="NoiseBase.hpp">
      <Filter>Header Files\Noise</Filter>
    </ClInclude>
    <ClInclude Include="BasicNoise.hpp">
      <Filter>Header Files\Textures</Filter>
    </ClInclude>
    <ClInclude Include="BasicValueNoise.hpp">
      <Filter>Header Files\Textures</Filter>
    </ClInclude>
    <ClInclude Include="GradidentNoiseGenerator.hpp">
      <Filter>Header Files\Noise</Filter>
    </ClInclude>
    <ClInclude Include="Marble.hpp">
      <Filter>Header Files\Textures</Filter>
    </ClInclude>
    <ClInclude Include="NormalBase.hpp">
      <Filter>Header Files\Normals</Filter>
    </ClInclude>
    <ClInclude Include="Constants.hpp">
      <Filter>Header Files\Normals</Filter>
    </ClInclude>
    <ClInclude Include="SimpleRough.hpp">
      <Filter>Header Files\Normals</Filter>
    </ClInclude>
  </ItemGroup>
  <ItemGroup>
    <None Include="SimpleMaterial.hpp">
      <Filter>Header Files\Materials</Filter>
    </None>
  </ItemGroup>
</Project>